{
    "version": 3,
    "terraform_version": "0.9.2",
    "serial": 3,
    "lineage": "cd8a468b-0fa1-4b3c-a6c8-070643b6320e",
    "modules": [
        {
            "path": [
                "root"
            ],
            "outputs": {},
            "resources": {
                "openstack_networking_network_v2.network_1": {
                    "type": "openstack_networking_network_v2",
                    "depends_on": [],
                    "primary": {
                        "id": "978ae497-d879-4eb5-b904-41146e0b67e5",
                        "attributes": {
                            "admin_state_up": "true",
                            "id": "978ae497-d879-4eb5-b904-41146e0b67e5",
                            "name": "internet-access-network",
                            "region": "",
                            "shared": "false",
                            "tenant_id": "a9f412458cce475c81a159ee491cbd48"
                        },
                        "meta": {
                            "e2bfb730-ecaa-11e6-8f88-34363bc7c4c0": {
                                "create": 600000000000,
                                "delete": 600000000000
                            }
                        },
                        "tainted": false
                    },
                    "deposed": [],
                    "provider": ""
                },
                "openstack_networking_router_interface_v2.router_interface_1": {
                    "type": "openstack_networking_router_interface_v2",
                    "depends_on": [
                        "openstack_networking_router_v2.internet_router",
                        "openstack_networking_router_v2.internet_router",
                        "openstack_networking_subnet_v2.subnet_1"
                    ],
                    "primary": {
                        "id": "0d1706ae-ebe1-4d41-b1e2-fff753dde804",
                        "attributes": {
                            "id": "0d1706ae-ebe1-4d41-b1e2-fff753dde804",
                            "router_id": "cc785f82-9342-4c3b-9693-7ca3d43f23fa",
                            "subnet_id": "087f68b9-2580-4c1b-9d31-ec597254f7c3"
                        },
                        "meta": {
                            "e2bfb730-ecaa-11e6-8f88-34363bc7c4c0": {
                                "create": 600000000000,
                                "delete": 600000000000
                            }
                        },
                        "tainted": false
                    },
                    "deposed": [],
                    "provider": ""
                },
                "openstack_networking_router_v2.internet_router": {
                    "type": "openstack_networking_router_v2",
                    "depends_on": [
                        "openstack_networking_subnet_v2.subnet_1"
                    ],
                    "primary": {
                        "id": "cc785f82-9342-4c3b-9693-7ca3d43f23fa",
                        "attributes": {
                            "admin_state_up": "true",
                            "distributed": "false",
                            "external_gateway": "6751cb30-0aef-4d7e-94c3-ee2a09e705eb",
                            "id": "cc785f82-9342-4c3b-9693-7ca3d43f23fa",
                            "name": "INTERNET-ROUTER",
                            "tenant_id": "a9f412458cce475c81a159ee491cbd48"
                        },
                        "meta": {
                            "e2bfb730-ecaa-11e6-8f88-34363bc7c4c0": {
                                "create": 600000000000,
                                "delete": 600000000000
                            }
                        },
                        "tainted": false
                    },
                    "deposed": [],
                    "provider": ""
                },
                "openstack_networking_secgroup_rule_v2.secgroup_rule_1": {
                    "type": "openstack_networking_secgroup_rule_v2",
                    "depends_on": [
                        "openstack_networking_secgroup_v2.secgroup_1",
                        "openstack_networking_secgroup_v2.secgroup_1"
                    ],
                    "primary": {
                        "id": "36301411-621c-49ac-b953-af273d519c20",
                        "attributes": {
                            "direction": "ingress",
                            "ethertype": "IPv4",
                            "id": "36301411-621c-49ac-b953-af273d519c20",
                            "port_range_max": "65535",
                            "port_range_min": "1",
                            "protocol": "tcp",
                            "region": "",
                            "remote_group_id": "",
                            "remote_ip_prefix": "185.43.216.0/22",
                            "security_group_id": "cd612cdc-0e97-4f50-b11a-c4d56bd370ca",
                            "tenant_id": "a9f412458cce475c81a159ee491cbd48"
                        },
                        "meta": {
                            "e2bfb730-ecaa-11e6-8f88-34363bc7c4c0": {
                                "delete": 600000000000
                            }
                        },
                        "tainted": false
                    },
                    "deposed": [],
                    "provider": ""
                },
                "openstack_networking_secgroup_rule_v2.secgroup_rule_2": {
                    "type": "openstack_networking_secgroup_rule_v2",
                    "depends_on": [
                        "openstack_networking_secgroup_rule_v2.secgroup_rule_1",
                        "openstack_networking_secgroup_v2.secgroup_1"
                    ],
                    "primary": {
                        "id": "78debddf-7a43-4df6-911e-14ac3edb29f5",
                        "attributes": {
                            "direction": "ingress",
                            "ethertype": "IPv4",
                            "id": "78debddf-7a43-4df6-911e-14ac3edb29f5",
                            "port_range_max": "65535",
                            "port_range_min": "1",
                            "protocol": "tcp",
                            "region": "",
                            "remote_group_id": "",
                            "remote_ip_prefix": "185.98.148.0/22",
                            "security_group_id": "cd612cdc-0e97-4f50-b11a-c4d56bd370ca",
                            "tenant_id": "a9f412458cce475c81a159ee491cbd48"
                        },
                        "meta": {
                            "e2bfb730-ecaa-11e6-8f88-34363bc7c4c0": {
                                "delete": 600000000000
                            }
                        },
                        "tainted": false
                    },
                    "deposed": [],
                    "provider": ""
                },
                "openstack_networking_secgroup_rule_v2.secgroup_rule_3": {
                    "type": "openstack_networking_secgroup_rule_v2",
                    "depends_on": [
                        "openstack_networking_secgroup_rule_v2.secgroup_rule_2",
                        "openstack_networking_secgroup_v2.secgroup_1"
                    ],
                    "primary": {
                        "id": "858afcdc-6adc-4842-8867-ca76bc883c01",
                        "attributes": {
                            "direction": "ingress",
                            "ethertype": "IPv4",
                            "id": "858afcdc-6adc-4842-8867-ca76bc883c01",
                            "port_range_max": "0",
                            "port_range_min": "0",
                            "protocol": "icmp",
                            "region": "",
                            "remote_group_id": "",
                            "remote_ip_prefix": "0.0.0.0/0",
                            "security_group_id": "cd612cdc-0e97-4f50-b11a-c4d56bd370ca",
                            "tenant_id": "a9f412458cce475c81a159ee491cbd48"
                        },
                        "meta": {
                            "e2bfb730-ecaa-11e6-8f88-34363bc7c4c0": {
                                "delete": 600000000000
                            }
                        },
                        "tainted": false
                    },
                    "deposed": [],
                    "provider": ""
                },
                "openstack_networking_secgroup_v2.secgroup_1": {
                    "type": "openstack_networking_secgroup_v2",
                    "depends_on": [],
                    "primary": {
                        "id": "cd612cdc-0e97-4f50-b11a-c4d56bd370ca",
                        "attributes": {
                            "description": "DataCentred-Access-Only",
                            "id": "cd612cdc-0e97-4f50-b11a-c4d56bd370ca",
                            "name": "datacentred",
                            "region": "",
                            "tenant_id": "a9f412458cce475c81a159ee491cbd48"
                        },
                        "meta": {
                            "e2bfb730-ecaa-11e6-8f88-34363bc7c4c0": {
                                "delete": 600000000000
                            }
                        },
                        "tainted": false
                    },
                    "deposed": [],
                    "provider": ""
                },
                "openstack_networking_subnet_v2.subnet_1": {
                    "type": "openstack_networking_subnet_v2",
                    "depends_on": [
                        "openstack_networking_network_v2.network_1",
                        "openstack_networking_network_v2.network_1"
                    ],
                    "primary": {
                        "id": "087f68b9-2580-4c1b-9d31-ec597254f7c3",
                        "attributes": {
                            "allocation_pools.#": "1",
                            "allocation_pools.0.end": "10.1.1.254",
                            "allocation_pools.0.start": "10.1.1.2",
                            "cidr": "10.1.1.0/24",
                            "dns_nameservers.#": "1",
                            "dns_nameservers.3817307869": "8.8.8.8",
                            "enable_dhcp": "true",
                            "gateway_ip": "10.1.1.1",
                            "host_routes.#": "0",
                            "id": "087f68b9-2580-4c1b-9d31-ec597254f7c3",
                            "ip_version": "4",
                            "name": "",
                            "network_id": "978ae497-d879-4eb5-b904-41146e0b67e5",
                            "region": "",
                            "tenant_id": "a9f412458cce475c81a159ee491cbd48"
                        },
                        "meta": {
                            "e2bfb730-ecaa-11e6-8f88-34363bc7c4c0": {
                                "create": 600000000000,
                                "delete": 600000000000
                            }
                        },
                        "tainted": false
                    },
                    "deposed": [],
                    "provider": ""
                }
            },
            "depends_on": []
        }
    ]
}
